{
    "_meta": {
        "hash": {
            "sha256": "12629550a995ccf42bb26d3112e6c35621a1a25bcc2d66dec26cfd6032ffe216"
        },
        "pipfile-spec": 6,
        "requires": {
            "python_version": "3.9"
        },
        "sources": [
            {
                "name": "pypi",
                "url": "https://pypi.org/simple",
                "verify_ssl": true
            }
        ]
    },
    "default": {
        "aerich": {
            "hashes": [
                "sha256:96ac087922048470687264125cb9dfeaade982219c78e6a9b91a0fb67eaa1cd1",
                "sha256:d45f98214ed54b8ec9be949df264c5b0b9e8b79d8f8ba9e68714675bc81a5574"
            ],
            "index": "pypi",
            "version": "==0.6.3"
        },
        "aiosqlite": {
            "hashes": [
                "sha256:6c49dc6d3405929b1d08eeccc72306d3677503cc5e5e43771efc1e00232e8231",
                "sha256:f0e6acc24bc4864149267ac82fb46dfb3be4455f99fe21df82609cc6e6baee51"
            ],
            "markers": "python_full_version >= '3.6.0'",
            "version": "==0.17.0"
        },
        "anyio": {
            "hashes": [
                "sha256:413adf95f93886e442aea925f3ee43baa5a765a64a0f52c6081894f9992fdd0b",
                "sha256:cb29b9c70620506a9a8f87a309591713446953302d7d995344d0d7c6c0c9a7be"
            ],
            "markers": "python_full_version >= '3.6.2'",
            "version": "==3.6.1"
        },
        "apscheduler": {
            "hashes": [
                "sha256:65e6574b6395498d371d045f2a8a7e4f7d50c6ad21ef7313d15b1c7cf20df1e3",
                "sha256:ddc25a0ddd899de44d7f451f4375fb971887e65af51e41e5dcf681f59b8b2c9a"
            ],
            "markers": "python_version >= '2.7' and python_version not in '3.0, 3.1, 3.2, 3.3, 3.4' and python_version < '4.0'",
            "version": "==3.9.1"
        },
        "asyncpg": {
            "hashes": [
                "sha256:03f44926fa7ff7ccd59e98f05c7e227e9de15332a7da5bbcef3654bf468ee597",
                "sha256:050e339694f8c5d9aebcf326ca26f6622ef23963a6a3a4f97aeefc743954afd5",
                "sha256:0de408626cfc811ef04f372debfcdd5e4ab5aeb358f2ff14d1bdc246ed6272b5",
                "sha256:235205b60d4d014921f7b1cdca0e19669a9a8978f7606b3eb8237ca95f8e716e",
                "sha256:2ed3880b3aec8bda90548218fe0914d251d641f798382eda39a17abfc4910af0",
                "sha256:3ecbe8ed3af4c739addbfbd78f7752866cce2c4e9cc3f953556e4960349ae360",
                "sha256:49fc7220334cc31d14866a0b77a575d6a5945c0fa3bb67f17304e8b838e2a02b",
                "sha256:4b4051012ca75defa9a1dc6b78185ca58cdc3a247187eb76a6bcf55dfaa2fad4",
                "sha256:6d60f15a0ac18c54a6ca6507c28599c06e2e87a0901e7b548f15243d71905b18",
                "sha256:7129bd809990fd119e8b2b9982e80be7712bb6041cd082be3e415e60e5e2e98f",
                "sha256:77e684a24fee17ba3e487ca982d0259ed17bae1af68006f4cf284b23ba20ea2c",
                "sha256:838e4acd72da370ad07243898e886e93d3c0c9413f4444d600ba60a5cc206014",
                "sha256:868a71704262834065ca7113d80b1f679609e2df77d837747e3d92150dd5a39b",
                "sha256:8e1e79f0253cbd51fc43c4d0ce8804e46ee71f6c173fdc75606662ad18756b52",
                "sha256:9acb22a7b6bcca0d80982dce3d67f267d43e960544fb5dd934fd3abe20c48014",
                "sha256:a254d09a3a989cc1839ba2c34448b879cdd017b528a0cda142c92fbb6c13d957",
                "sha256:b0c3f39ebfac06848ba3f1e280cb1fada7cc1229538e3dad3146e8d1f9deb92a",
                "sha256:b1f7b173af649b85126429e11a628d01a5b75973d2a55d64dba19ad8f0e9f904",
                "sha256:d156e53b329e187e2dbfca8c28c999210045c45ef22a200b50de9b9e520c2694",
                "sha256:d96cf93e01df9fb03cef5f62346587805e6c0ca6f654c23b8d35315bdc69af59",
                "sha256:e550d8185f2c4725c1e8d3c555fe668b41bd092143012ddcc5343889e1c2a13d",
                "sha256:e5bd99ee7a00e87df97b804f178f31086e88c8106aca9703b1d7be5078999e68",
                "sha256:ede1a3a2c377fe12a3930f4b4dd5340e8b32929541d5db027a21816852723438",
                "sha256:efe056fd22fc6ed5c1ab353b6510808409566daac4e6f105e2043797f17b8dad",
                "sha256:f3ce7d8c0ab4639bbf872439eba86ef62dd030b245ad0e17c8c675d93d7a6b2d",
                "sha256:f92d501bf213b16fabad4fbb0061398d2bceae30ddc228e7314c28dcc6641b79"
            ],
            "index": "pypi",
            "version": "==0.26.0"
        },
        "cachetools": {
            "hashes": [
                "sha256:6a94c6402995a99c3970cc7e4884bb60b4a8639938157eeed436098bf9831757",
                "sha256:f9f17d2aec496a9aa6b76f53e3b614c965223c061982d434d160f930c698a9db"
            ],
            "markers": "python_version ~= '3.7'",
            "version": "==5.2.0"
        },
        "certifi": {
            "hashes": [
                "sha256:84c85a9078b11105f04f3036a9482ae10e4621616db313fe045dd24743a0820d",
                "sha256:fe86415d55e84719d75f8b69414f6438ac3547d2078ab91b67e779ef69378412"
            ],
            "markers": "python_full_version >= '3.6.0'",
            "version": "==2022.6.15"
        },
        "click": {
            "hashes": [
                "sha256:7682dc8afb30297001674575ea00d1814d808d6a36af415a82bd481d37ba7b8e",
                "sha256:bb4d8133cb15a609f44e8213d9b391b0809795062913b383c62be0ee95b1db48"
            ],
            "markers": "python_version >= '3.7'",
            "version": "==8.1.3"
        },
        "dictdiffer": {
            "hashes": [
                "sha256:17bacf5fbfe613ccf1b6d512bd766e6b21fb798822a133aa86098b8ac9997578",
                "sha256:442bfc693cfcadaf46674575d2eba1c53b42f5e404218ca2c2ff549f2df56595"
            ],
            "version": "==0.9.0"
        },
        "h11": {
            "hashes": [
                "sha256:36a3cb8c0a032f56e2da7084577878a035d3b61d104230d4bd49c0c6b555a9c6",
                "sha256:47222cb6067e4a307d535814917cd98fd0a57b6788ce715755fa2b6c28b56042"
            ],
            "markers": "python_full_version >= '3.6.0'",
            "version": "==0.12.0"
        },
        "httpcore": {
            "hashes": [
                "sha256:1105b8b73c025f23ff7c36468e4432226cbb959176eab66864b8e31c4ee27fa6",
                "sha256:18b68ab86a3ccf3e7dc0f43598eaddcf472b602aba29f9aa6ab85fe2ada3980b"
            ],
            "markers": "python_version >= '3.7'",
            "version": "==0.15.0"
        },
        "httpx": {
            "hashes": [
                "sha256:42974f577483e1e932c3cdc3cd2303e883cbfba17fe228b0f63589764d7b9c4b",
                "sha256:f28eac771ec9eb4866d3fb4ab65abd42d38c424739e80c08d8d20570de60b0ef"
            ],
            "markers": "python_version >= '3.7'",
            "version": "==0.23.0"
        },
        "idna": {
            "hashes": [
                "sha256:84d9dd047ffa80596e0f246e2eab0b391788b0503584e8945f2368256d2735ff",
                "sha256:9d643ff0a55b762d5cdb124b8eaa99c66322e2157b69160bc32796e824360e6d"
            ],
            "markers": "python_version >= '3.5'",
            "version": "==3.3"
        },
        "iso8601": {
            "hashes": [
                "sha256:27f503220e6845d9db954fb212b95b0362d8b7e6c1b2326a87061c3de93594b1",
                "sha256:d7bc01b1c2a43b259570bb307f057abc578786ea734ba2b87b836c5efc5bd443"
            ],
            "markers": "python_version < '4.0' and python_full_version >= '3.6.2'",
            "version": "==1.0.2"
        },
        "jinja2": {
            "hashes": [
                "sha256:31351a702a408a9e7595a8fc6150fc3f43bb6bf7e319770cbc0db9df9437e852",
                "sha256:6088930bfe239f0e6710546ab9c19c9ef35e29792895fed6e6e31a023a182a61"
            ],
            "index": "pypi",
            "version": "==3.1.2"
        },
        "markupsafe": {
            "hashes": [
                "sha256:0212a68688482dc52b2d45013df70d169f542b7394fc744c02a57374a4207003",
                "sha256:089cf3dbf0cd6c100f02945abeb18484bd1ee57a079aefd52cffd17fba910b88",
                "sha256:10c1bfff05d95783da83491be968e8fe789263689c02724e0c691933c52994f5",
                "sha256:33b74d289bd2f5e527beadcaa3f401e0df0a89927c1559c8566c066fa4248ab7",
                "sha256:3799351e2336dc91ea70b034983ee71cf2f9533cdff7c14c90ea126bfd95d65a",
                "sha256:3ce11ee3f23f79dbd06fb3d63e2f6af7b12db1d46932fe7bd8afa259a5996603",
                "sha256:421be9fbf0ffe9ffd7a378aafebbf6f4602d564d34be190fc19a193232fd12b1",
                "sha256:43093fb83d8343aac0b1baa75516da6092f58f41200907ef92448ecab8825135",
                "sha256:46d00d6cfecdde84d40e572d63735ef81423ad31184100411e6e3388d405e247",
                "sha256:4a33dea2b688b3190ee12bd7cfa29d39c9ed176bda40bfa11099a3ce5d3a7ac6",
                "sha256:4b9fe39a2ccc108a4accc2676e77da025ce383c108593d65cc909add5c3bd601",
                "sha256:56442863ed2b06d19c37f94d999035e15ee982988920e12a5b4ba29b62ad1f77",
                "sha256:671cd1187ed5e62818414afe79ed29da836dde67166a9fac6d435873c44fdd02",
                "sha256:694deca8d702d5db21ec83983ce0bb4b26a578e71fbdbd4fdcd387daa90e4d5e",
                "sha256:6a074d34ee7a5ce3effbc526b7083ec9731bb3cbf921bbe1d3005d4d2bdb3a63",
                "sha256:6d0072fea50feec76a4c418096652f2c3238eaa014b2f94aeb1d56a66b41403f",
                "sha256:6fbf47b5d3728c6aea2abb0589b5d30459e369baa772e0f37a0320185e87c980",
                "sha256:7f91197cc9e48f989d12e4e6fbc46495c446636dfc81b9ccf50bb0ec74b91d4b",
                "sha256:86b1f75c4e7c2ac2ccdaec2b9022845dbb81880ca318bb7a0a01fbf7813e3812",
                "sha256:8dc1c72a69aa7e082593c4a203dcf94ddb74bb5c8a731e4e1eb68d031e8498ff",
                "sha256:8e3dcf21f367459434c18e71b2a9532d96547aef8a871872a5bd69a715c15f96",
                "sha256:8e576a51ad59e4bfaac456023a78f6b5e6e7651dcd383bcc3e18d06f9b55d6d1",
                "sha256:96e37a3dc86e80bf81758c152fe66dbf60ed5eca3d26305edf01892257049925",
                "sha256:97a68e6ada378df82bc9f16b800ab77cbf4b2fada0081794318520138c088e4a",
                "sha256:99a2a507ed3ac881b975a2976d59f38c19386d128e7a9a18b7df6fff1fd4c1d6",
                "sha256:a49907dd8420c5685cfa064a1335b6754b74541bbb3706c259c02ed65b644b3e",
                "sha256:b09bf97215625a311f669476f44b8b318b075847b49316d3e28c08e41a7a573f",
                "sha256:b7bd98b796e2b6553da7225aeb61f447f80a1ca64f41d83612e6139ca5213aa4",
                "sha256:b87db4360013327109564f0e591bd2a3b318547bcef31b468a92ee504d07ae4f",
                "sha256:bcb3ed405ed3222f9904899563d6fc492ff75cce56cba05e32eff40e6acbeaa3",
                "sha256:d4306c36ca495956b6d568d276ac11fdd9c30a36f1b6eb928070dc5360b22e1c",
                "sha256:d5ee4f386140395a2c818d149221149c54849dfcfcb9f1debfe07a8b8bd63f9a",
                "sha256:dda30ba7e87fbbb7eab1ec9f58678558fd9a6b8b853530e176eabd064da81417",
                "sha256:e04e26803c9c3851c931eac40c695602c6295b8d432cbe78609649ad9bd2da8a",
                "sha256:e1c0b87e09fa55a220f058d1d49d3fb8df88fbfab58558f1198e08c1e1de842a",
                "sha256:e72591e9ecd94d7feb70c1cbd7be7b3ebea3f548870aa91e2732960fa4d57a37",
                "sha256:e8c843bbcda3a2f1e3c2ab25913c80a3c5376cd00c6e8c4a86a89a28c8dc5452",
                "sha256:efc1913fd2ca4f334418481c7e595c00aad186563bbc1ec76067848c7ca0a933",
                "sha256:f121a1420d4e173a5d96e47e9a0c0dcff965afdf1626d28de1460815f7c4ee7a",
                "sha256:fc7b548b17d238737688817ab67deebb30e8073c95749d55538ed473130ec0c7"
            ],
            "markers": "python_version >= '3.7'",
            "version": "==2.1.1"
        },
        "pydantic": {
            "hashes": [
                "sha256:050329d6661a98683f02d0d51bfe85e321ba468c1c693307e0341b2e2510d6ea",
                "sha256:10dc53ed59ec88afef8b22f53551c4352c4792a13b01dd01e045f42d609bf054",
                "sha256:137c9dc91f59f5194ca7f9f88b3d120b14c66133c10472a97914f4aecb10fb6b",
                "sha256:148b8a6723637c3c6cd569b7ee3d8b67063cfc6e0cf8e496013a2092af4d72c0",
                "sha256:15240d1f4b5ab149fc0c1af3ea1456275d2c1e2f98eb415fd9d70eb5e7dc992e",
                "sha256:1e082461d47479c68f749da3afb29b49677161c64ff5d3325d4e3de53ebe8a03",
                "sha256:20095a6375ba95ed48c7fd402588bb14d85e71b75128ee98bb5408b4f577ae0f",
                "sha256:2d771728acc225c890f61852014360443063eaa39c8fef8bf4fe58ea02524499",
                "sha256:2e8efcd2ba9ed07b8fe0890975b27025d9de68576f9f6b553fdc24db3c5bb3e8",
                "sha256:365dda65ec7fe618e4ca1378b415929709f9759c1493003bc0c35fca4e0e5347",
                "sha256:509a871baed1df787cac1cf020c2f8c4f5d76bb2798be8f2ff789252e86a9b7c",
                "sha256:57a0e9a7d4c3c7bc7f297c6e2fe2e19e807dc27eae0f8549a5d513f1249262b4",
                "sha256:57a86eb3c72256dfc7f66fe79ba59425804019377c22849ffed0432d5504a85f",
                "sha256:6319b861a51e94e7a9fb0ba1814a36a9033083ee25df146b14800afaad1a4440",
                "sha256:632bced3ac3221b1b15e5eb93a13f8bd67fe31f5562344aaacfd14f26c8ead04",
                "sha256:6605f0d62836260e25f25edfb04f34b66567e711b4b108a024c20845b0bd413d",
                "sha256:6a54435d433d22cff859795f92e71610e239ac86d85c55c618ab6df79099c9cf",
                "sha256:6b8c387b2909728cbced1c28cb7a2f9dc70204102376e8900aa57a8501ac30b8",
                "sha256:6d8a9e080e821400fdb63c1f03bf7ea6bdb0a1661e001db4f0fbbd213912341e",
                "sha256:839daa9cc0a6a63380a0cceba569b0eb8788371a7020d4d922a44c7db79c6d5e",
                "sha256:841e955fd241ef676d454098f174eb7b6fcdd50187b66a452a6d2e05a5ecf71c",
                "sha256:91d79148383cdf9a2e46500354b3a2fda122d8fdae751c19619b0cb226819eec",
                "sha256:96b1fc30544b427a609aba7028d50a6df0492cf39890f0a0d0e9a047b6ea93e8",
                "sha256:a189a133bd01e8ed66b029779611a552d74b1c687463d999b0239392cce3a920",
                "sha256:a3fa39603e4d89df314d86937d0a9bf90b58338472a0b69ccffa47e70afdecc4",
                "sha256:a542322e5946eabbb3f16952b747edf3573bf25c148851cd280d6936d631e074",
                "sha256:c21aa7c63eafa831ef8080459d10050e0fea788983ef550670a06c4cc46df26b",
                "sha256:c51e65e210b05cd1c99f3c43ed4916817f7596c36cddb0aa9997c3bf5f1c93e3",
                "sha256:cd738694931172d21ae2ee4a287370165c8bd01197f8eb4554141163205180b7",
                "sha256:cdb480f5b241b40d064f799e56cdf2d09e9f31990c4d8b6ed46d910568fdf370",
                "sha256:d5fbc86d5284c9d537c443f333ddc0f4560f2d1f85bd96902a7d0e037154bd42",
                "sha256:d6e6d3c581e0f639e1a214a5b5b9d320afb7678a13659415443e5d2d05387446",
                "sha256:d87bb267124eff95540eeaea0406f0a8d45f997ffb0f7f52a8a5635a4b288aa3",
                "sha256:e1d3123649a725f2d645d6cffa3bab2eafb2a3ad4d7cb7273c82232985a449aa",
                "sha256:eebdff38441129d55216698f221d8c35b0a50a907cc0759d1896a1b0222256b0",
                "sha256:efaeb0eb95812364e983903707e3ce285689a687df9074bd1570d41cb263913d"
            ],
            "markers": "python_version >= '3.7'",
            "version": "==1.10.0b1"
        },
        "pypika-tortoise": {
            "hashes": [
                "sha256:2d68bbb7e377673743cff42aa1059f3a80228d411fbcae591e4465e173109fd8",
                "sha256:d802868f479a708e3263724c7b5719a26ad79399b2a70cea065f4a4cadbebf36"
            ],
            "markers": "python_version >= '3.7' and python_version < '4.0'",
            "version": "==0.1.6"
        },
        "python-dotenv": {
            "hashes": [
                "sha256:b7e3b04a59693c42c36f9ab1cc2acc46fa5df8c78e178fc33a8d4cd05c8d498f",
                "sha256:d92a187be61fe482e4fd675b6d52200e7be63a12b724abbf931a40ce4fa92938"
            ],
            "index": "pypi",
            "version": "==0.20.0"
        },
        "python-telegram-bot": {
            "hashes": [
                "sha256:009522b9ce05dced9b729f7efa072507eac6d08023ee4af84fc560aef4e41e95",
                "sha256:ebdcf70cadcc4a0be1f53ff0feb7a0b62604ae76813f2ed439bdcb7ffb77e9f9"
            ],
            "index": "pypi",
            "version": "==20.0a2"
        },
        "pytz": {
            "hashes": [
                "sha256:220f481bdafa09c3955dfbdddb7b57780e9a94f5127e35456a48589b9e0c0197",
                "sha256:cea221417204f2d1a2aa03ddae3e867921971d0d76f14d87abb4414415bbdcf5"
            ],
            "version": "==2022.2.1"
        },
        "pytz-deprecation-shim": {
            "hashes": [
                "sha256:8314c9692a636c8eb3bda879b9f119e350e93223ae83e70e80c31675a0fdc1a6",
                "sha256:af097bae1b616dde5c5744441e2ddc69e74dfdcb0c263129610d85b87445a59d"
            ],
            "markers": "python_version >= '2.7' and python_version not in '3.0, 3.1, 3.2, 3.3, 3.4, 3.5'",
            "version": "==0.1.0.post0"
        },
        "rfc3986": {
            "extras": [
                "idna2008"
            ],
            "hashes": [
                "sha256:270aaf10d87d0d4e095063c65bf3ddbc6ee3d0b226328ce21e036f946e421835",
                "sha256:a86d6e1f5b1dc238b218b012df0aa79409667bb209e58da56d0b94704e712a97"
            ],
            "version": "==1.5.0"
        },
        "six": {
            "hashes": [
                "sha256:1e61c37477a1626458e36f7b1d82aa5c9b094fa4802892072e49de9c60c4c926",
                "sha256:8abb2f1d86890a2dfb989f9a77cfcfd3e47c2a354b01111771326f8aa26e0254"
            ],
            "markers": "python_version >= '2.7' and python_version not in '3.0, 3.1, 3.2, 3.3'",
            "version": "==1.16.0"
        },
        "sniffio": {
            "hashes": [
                "sha256:471b71698eac1c2112a40ce2752bb2f4a4814c22a54a3eed3676bc0f5ca9f663",
                "sha256:c4666eecec1d3f50960c6bdf61ab7bc350648da6c126e3cf6898d8cd4ddcd3de"
            ],
            "markers": "python_version >= '3.5'",
            "version": "==1.2.0"
        },
        "tomlkit": {
            "hashes": [
                "sha256:25d4e2e446c453be6360c67ddfb88838cfc42026322770ba13d1fbd403a93a5c",
                "sha256:3235a9010fae54323e727c3ac06fb720752fe6635b3426e379daec60fbd44a83"
            ],
            "markers": "python_version < '4.0' and python_full_version >= '3.6.0'",
            "version": "==0.11.4"
        },
        "tornado": {
            "hashes": [
                "sha256:1d54d13ab8414ed44de07efecb97d4ef7c39f7438cf5e976ccd356bebb1b5fca",
                "sha256:20f638fd8cc85f3cbae3c732326e96addff0a15e22d80f049e00121651e82e72",
                "sha256:5c87076709343557ef8032934ce5f637dbb552efa7b21d08e89ae7619ed0eb23",
                "sha256:5f8c52d219d4995388119af7ccaa0bcec289535747620116a58d830e7c25d8a8",
                "sha256:6fdfabffd8dfcb6cf887428849d30cf19a3ea34c2c248461e1f7d718ad30b66b",
                "sha256:87dcafae3e884462f90c90ecc200defe5e580a7fbbb4365eda7c7c1eb809ebc9",
                "sha256:9b630419bde84ec666bfd7ea0a4cb2a8a651c2d5cccdbdd1972a0c859dfc3c13",
                "sha256:b8150f721c101abdef99073bf66d3903e292d851bee51910839831caba341a75",
                "sha256:ba09ef14ca9893954244fd872798b4ccb2367c165946ce2dd7376aebdde8e3ac",
                "sha256:d3a2f5999215a3a06a4fc218026cd84c61b8b2b40ac5296a6db1f1451ef04c1e",
                "sha256:e5f923aa6a47e133d1cf87d60700889d7eae68988704e20c75fb2d65677a8e4b"
            ],
            "markers": "python_version >= '3.7'",
            "version": "==6.2"
        },
        "tortoise-orm": {
            "hashes": [
                "sha256:a99b8c9f42d5cd49493c70471b5c9a5df8ecf49cc624f2f41b9dc75bba993ac5",
                "sha256:bff4d79abfca7fb805972bb2438e8e0cd2e6590bc2cfd7593a803518a027bbf0"
            ],
            "index": "pypi",
            "version": "==0.19.2"
        },
        "typing-extensions": {
            "hashes": [
                "sha256:25642c956049920a5aa49edcdd6ab1e06d7e5d467fc00e0506c44ac86fbfca02",
                "sha256:e6d2677a32f47fc7eb2795db1dd15c1f34eff616bcaf2cfb5e997f854fa1c4a6"
            ],
            "markers": "python_version >= '3.7'",
            "version": "==4.3.0"
        },
        "tzdata": {
            "hashes": [
                "sha256:21f4f0d7241572efa7f7a4fdabb052e61b55dc48274e6842697ccdf5253e5451",
                "sha256:c3119520447d68ef3eb8187a55a4f44fa455f30eb1b4238fa5691ba094f2b05b"
            ],
            "markers": "python_full_version >= '3.6.0'",
            "version": "==2022.2"
        },
        "tzlocal": {
            "hashes": [
                "sha256:89885494684c929d9191c57aa27502afc87a579be5cdd3225c77c463ea043745",
                "sha256:ee5842fa3a795f023514ac2d801c4a81d1743bbe642e3940143326b3a00addd7"
            ],
            "markers": "python_full_version >= '3.6.0'",
            "version": "==4.2"
        }
    },
    "develop": {
        "attrs": {
            "hashes": [
                "sha256:29adc2665447e5191d0e7c568fde78b21f9672d344281d0c6e1ab085429b22b6",
                "sha256:86efa402f67bf2df34f51a335487cf46b1ec130d02b8d39fd248abfd30da551c"
            ],
            "markers": "python_version >= '3.5'",
            "version": "==22.1.0"
        },
        "flake8": {
            "hashes": [
                "sha256:479b1304f72536a55948cb40a32dce8bb0ffe3501e26eaf292c7e60eb5e0428d",
                "sha256:806e034dda44114815e23c16ef92f95c91e4c71100ff52813adf7132a6ad870d"
            ],
            "index": "pypi",
            "version": "==4.0.1"
        },
        "flake8-commas": {
            "hashes": [
                "sha256:940441ab8ee544df564ae3b3f49f20462d75d5c7cac2463e0b27436e2050f263",
                "sha256:ebb96c31e01d0ef1d0685a21f3f0e2f8153a0381430e748bf0bbbb5d5b453d54"
            ],
            "index": "pypi",
            "version": "==2.1.0"
        },
        "flake8-import-order": {
            "hashes": [
                "sha256:90a80e46886259b9c396b578d75c749801a41ee969a235e163cfe1be7afd2543",
                "sha256:a28dc39545ea4606c1ac3c24e9d05c849c6e5444a50fb7e9cdd430fc94de6e92"
            ],
            "index": "pypi",
            "version": "==0.18.1"
        },
        "flake8-multiline-containers": {
            "hashes": [
                "sha256:1b684da84b401f42f1ad36f0f90e24b7f49b2691458cb582911fb99d871bb0b2",
                "sha256:7c47527f1a2b0a991b876e58a2758e0ecc6b2d10a5fd4ee7740d042722f2f281"
            ],
            "index": "pypi",
            "version": "==0.0.19"
        },
        "flake8-quotes": {
            "hashes": [
                "sha256:633adca6fb8a08131536af0d750b44d6985b9aba46f498871e21588c3e6f525a"
            ],
            "index": "pypi",
            "version": "==3.3.1"
        },
        "hupper": {
            "hashes": [
                "sha256:cd6f51b72c7587bc9bce8a65ecd025a1e95f1b03284519bfe91284d010316cd9",
                "sha256:f683850d62598c02faf3c7cdaaa727d8cbe3c5a2497a5737a8358386903b2601"
            ],
            "index": "pypi",
            "version": "==1.10.3"
        },
        "iniconfig": {
            "hashes": [
                "sha256:011e24c64b7f47f6ebd835bb12a743f2fbe9a26d4cecaa7f53bc4f35ee9da8b3",
                "sha256:bc3af051d7d14b2ee5ef9969666def0cd1a000e121eaea580d4a313df4b37f32"
            ],
            "version": "==1.1.1"
        },
        "mccabe": {
            "hashes": [
                "sha256:ab8a6258860da4b6677da4bd2fe5dc2c659cff31b3ee4f7f5d64e79735b80d42",
                "sha256:dd8d182285a0fe56bace7f45b5e7d1a6ebcbf524e8f3bd87eb0f125271b8831f"
            ],
            "markers": "python_version >= '3.6'",
            "version": "==0.6.1"
        },
        "packaging": {
            "hashes": [
                "sha256:dd47c42927d89ab911e606518907cc2d3a1f38bbd026385970643f9c5b8ecfeb",
                "sha256:ef103e05f519cdc783ae24ea4e2e0f508a9c99b2d4969652eed6a2e1ea5bd522"
            ],
            "markers": "python_version >= '3.6'",
            "version": "==21.3"
        },
        "pluggy": {
            "hashes": [
                "sha256:4224373bacce55f955a878bf9cfa763c1e360858e330072059e10bad68531159",
                "sha256:74134bbf457f031a36d68416e1509f34bd5ccc019f0bcc952c7b909d06b37bd3"
            ],
            "markers": "python_version >= '3.6'",
            "version": "==1.0.0"
        },
        "py": {
            "hashes": [
                "sha256:51c75c4126074b472f746a24399ad32f6053d1b34b68d2fa41e558e6f4a98719",
                "sha256:607c53218732647dff4acdfcd50cb62615cedf612e72d1724fb1a0cc6405b378"
            ],
            "markers": "python_version >= '2.7' and python_version not in '3.0, 3.1, 3.2, 3.3, 3.4'",
            "version": "==1.11.0"
        },
        "pycodestyle": {
            "hashes": [
                "sha256:720f8b39dde8b293825e7ff02c475f3077124006db4f440dcbc9a20b76548a20",
                "sha256:eddd5847ef438ea1c7870ca7eb78a9d47ce0cdb4851a5523949f2601d0cbbe7f"
            ],
            "markers": "python_version >= '2.7' and python_version not in '3.0, 3.1, 3.2, 3.3, 3.4'",
            "version": "==2.8.0"
        },
        "pyflakes": {
            "hashes": [
                "sha256:05a85c2872edf37a4ed30b0cce2f6093e1d0581f8c19d7393122da7e25b2b24c",
                "sha256:3bb3a3f256f4b7968c9c788781e4ff07dce46bdf12339dcda61053375426ee2e"
            ],
            "markers": "python_version >= '2.7' and python_version not in '3.0, 3.1, 3.2, 3.3'",
            "version": "==2.4.0"
        },
        "pyparsing": {
            "hashes": [
                "sha256:2b020ecf7d21b687f219b71ecad3631f644a47f01403fa1d1036b0c6416d70fb",
                "sha256:5026bae9a10eeaefb61dab2f09052b9f4307d44aee4eda64b309723d8d206bbc"
            ],
            "markers": "python_full_version >= '3.6.8'",
            "version": "==3.0.9"
        },
        "pytest": {
            "hashes": [
                "sha256:13d0e3ccfc2b6e26be000cb6568c832ba67ba32e719443bfe725814d3c42433c",
                "sha256:a06a0425453864a270bc45e71f783330a7428defb4230fb5e6a731fde06ecd45"
            ],
            "index": "pypi",
            "version": "==7.1.2"
        },
        "pytest-flake8": {
            "hashes": [
                "sha256:ba4f243de3cb4c2486ed9e70752c80dd4b636f7ccb27d4eba763c35ed0cd316e",
                "sha256:e0661a786f8cbf976c185f706fdaf5d6df0b1667c3bcff8e823ba263618627e7"
            ],
            "index": "pypi",
            "version": "==1.1.1"
        },
        "tomli": {
            "hashes": [
                "sha256:939de3e7a6161af0c887ef91b7d41a53e7c5a1ca976325f429cb46ea9bc30ecc",
                "sha256:de526c12914f0c550d15924c62d72abc48d6fe7364aa87328337a31007fe8a4f"
            ],
            "markers": "python_version >= '3.7'",
            "version": "==2.0.1"
        }
    }
}
